// !$*UTF8*$!
{
	archiveVersion = 1;
	classes = {
	};
	objectVersion = 55;
	objects = {

/* Begin PBXBuildFile section */
		A63979D72877013200A93E9A /* LogInViewController.swift in Sources */ = {isa = PBXBuildFile; fileRef = A63979D62877013200A93E9A /* LogInViewController.swift */; };
		A63979D92877016700A93E9A /* LogInView.swift in Sources */ = {isa = PBXBuildFile; fileRef = A63979D82877016700A93E9A /* LogInView.swift */; };
		A64AC777286E2990002A318D /* ProfileHeaderView.swift in Sources */ = {isa = PBXBuildFile; fileRef = A64AC776286E2990002A318D /* ProfileHeaderView.swift */; };
		A64AC779286E29AA002A318D /* ProfileViewController.swift in Sources */ = {isa = PBXBuildFile; fileRef = A64AC778286E29AA002A318D /* ProfileViewController.swift */; };
		A6E9F2C62836DE56007BBFA0 /* AppDelegate.swift in Sources */ = {isa = PBXBuildFile; fileRef = A6E9F2C52836DE56007BBFA0 /* AppDelegate.swift */; };
		A6E9F2CF2836DE58007BBFA0 /* Assets.xcassets in Resources */ = {isa = PBXBuildFile; fileRef = A6E9F2CE2836DE58007BBFA0 /* Assets.xcassets */; };
		A6E9F2D22836DE58007BBFA0 /* LaunchScreen.storyboard in Resources */ = {isa = PBXBuildFile; fileRef = A6E9F2D02836DE58007BBFA0 /* LaunchScreen.storyboard */; };
		A6E9F2DA2836E0AA007BBFA0 /* MainTabBarController.swift in Sources */ = {isa = PBXBuildFile; fileRef = A6E9F2D92836E0AA007BBFA0 /* MainTabBarController.swift */; };
		A6E9F2DC2836E0DE007BBFA0 /* FeedViewController.swift in Sources */ = {isa = PBXBuildFile; fileRef = A6E9F2DB2836E0DE007BBFA0 /* FeedViewController.swift */; };
		A6E9F2DE2836E122007BBFA0 /* PostViewController.swift in Sources */ = {isa = PBXBuildFile; fileRef = A6E9F2DD2836E122007BBFA0 /* PostViewController.swift */; };
		A6E9F2E02836E157007BBFA0 /* InfoViewController.swift in Sources */ = {isa = PBXBuildFile; fileRef = A6E9F2DF2836E157007BBFA0 /* InfoViewController.swift */; };
		A6E9F2E22836E17E007BBFA0 /* Post.swift in Sources */ = {isa = PBXBuildFile; fileRef = A6E9F2E12836E17E007BBFA0 /* Post.swift */; };
/* End PBXBuildFile section */

/* Begin PBXFileReference section */
		A63979D62877013200A93E9A /* LogInViewController.swift */ = {isa = PBXFileReference; lastKnownFileType = sourcecode.swift; path = LogInViewController.swift; sourceTree = "<group>"; };
		A63979D82877016700A93E9A /* LogInView.swift */ = {isa = PBXFileReference; lastKnownFileType = sourcecode.swift; path = LogInView.swift; sourceTree = "<group>"; };
		A64AC776286E2990002A318D /* ProfileHeaderView.swift */ = {isa = PBXFileReference; lastKnownFileType = sourcecode.swift; path = ProfileHeaderView.swift; sourceTree = "<group>"; };
		A64AC778286E29AA002A318D /* ProfileViewController.swift */ = {isa = PBXFileReference; lastKnownFileType = sourcecode.swift; path = ProfileViewController.swift; sourceTree = "<group>"; };
		A6E9F2C22836DE56007BBFA0 /* Navigation.app */ = {isa = PBXFileReference; explicitFileType = wrapper.application; includeInIndex = 0; path = Navigation.app; sourceTree = BUILT_PRODUCTS_DIR; };
		A6E9F2C52836DE56007BBFA0 /* AppDelegate.swift */ = {isa = PBXFileReference; lastKnownFileType = sourcecode.swift; path = AppDelegate.swift; sourceTree = "<group>"; };
		A6E9F2CE2836DE58007BBFA0 /* Assets.xcassets */ = {isa = PBXFileReference; lastKnownFileType = folder.assetcatalog; path = Assets.xcassets; sourceTree = "<group>"; };
		A6E9F2D12836DE58007BBFA0 /* Base */ = {isa = PBXFileReference; lastKnownFileType = file.storyboard; name = Base; path = Base.lproj/LaunchScreen.storyboard; sourceTree = "<group>"; };
		A6E9F2D32836DE58007BBFA0 /* Info.plist */ = {isa = PBXFileReference; lastKnownFileType = text.plist.xml; path = Info.plist; sourceTree = "<group>"; };
		A6E9F2D92836E0AA007BBFA0 /* MainTabBarController.swift */ = {isa = PBXFileReference; lastKnownFileType = sourcecode.swift; path = MainTabBarController.swift; sourceTree = "<group>"; };
		A6E9F2DB2836E0DE007BBFA0 /* FeedViewController.swift */ = {isa = PBXFileReference; lastKnownFileType = sourcecode.swift; path = FeedViewController.swift; sourceTree = "<group>"; };
		A6E9F2DD2836E122007BBFA0 /* PostViewController.swift */ = {isa = PBXFileReference; lastKnownFileType = sourcecode.swift; path = PostViewController.swift; sourceTree = "<group>"; };
		A6E9F2DF2836E157007BBFA0 /* InfoViewController.swift */ = {isa = PBXFileReference; lastKnownFileType = sourcecode.swift; path = InfoViewController.swift; sourceTree = "<group>"; };
		A6E9F2E12836E17E007BBFA0 /* Post.swift */ = {isa = PBXFileReference; lastKnownFileType = sourcecode.swift; path = Post.swift; sourceTree = "<group>"; };
/* End PBXFileReference section */

/* Begin PBXFrameworksBuildPhase section */
		A6E9F2BF2836DE56007BBFA0 /* Frameworks */ = {
			isa = PBXFrameworksBuildPhase;
			buildActionMask = 2147483647;
			files = (
			);
			runOnlyForDeploymentPostprocessing = 0;
		};
/* End PBXFrameworksBuildPhase section */

/* Begin PBXGroup section */
		A64AC775286E2925002A318D /* Profile */ = {
			isa = PBXGroup;
			children = (
				A64AC776286E2990002A318D /* ProfileHeaderView.swift */,
				A64AC778286E29AA002A318D /* ProfileViewController.swift */,
				A63979D62877013200A93E9A /* LogInViewController.swift */,
				A63979D82877016700A93E9A /* LogInView.swift */,
			);
			path = Profile;
			sourceTree = "<group>";
		};
		A64AC77B2873150F002A318D /* Post */ = {
			isa = PBXGroup;
			children = (
				A6E9F2DD2836E122007BBFA0 /* PostViewController.swift */,
				A6E9F2E12836E17E007BBFA0 /* Post.swift */,
			);
			path = Post;
			sourceTree = "<group>";
		};
		A6E9F2B92836DE56007BBFA0 = {
			isa = PBXGroup;
			children = (
				A6E9F2C42836DE56007BBFA0 /* Navigation */,
				A6E9F2C32836DE56007BBFA0 /* Products */,
			);
			sourceTree = "<group>";
		};
		A6E9F2C32836DE56007BBFA0 /* Products */ = {
			isa = PBXGroup;
			children = (
				A6E9F2C22836DE56007BBFA0 /* Navigation.app */,
			);
			name = Products;
			sourceTree = "<group>";
		};
		A6E9F2C42836DE56007BBFA0 /* Navigation */ = {
			isa = PBXGroup;
			children = (
				A64AC775286E2925002A318D /* Profile */,
				A64AC77B2873150F002A318D /* Post */,
				A6E9F2CE2836DE58007BBFA0 /* Assets.xcassets */,
				A6E9F2D02836DE58007BBFA0 /* LaunchScreen.storyboard */,
				A6E9F2D32836DE58007BBFA0 /* Info.plist */,
				A6E9F2C52836DE56007BBFA0 /* AppDelegate.swift */,
				A6E9F2D92836E0AA007BBFA0 /* MainTabBarController.swift */,
				A6E9F2DB2836E0DE007BBFA0 /* FeedViewController.swift */,
				A6E9F2DF2836E157007BBFA0 /* InfoViewController.swift */,
			);
			path = Navigation;
			sourceTree = "<group>";
		};
/* End PBXGroup section */

/* Begin PBXNativeTarget section */
		A6E9F2C12836DE56007BBFA0 /* Navigation */ = {
			isa = PBXNativeTarget;
			buildConfigurationList = A6E9F2D62836DE58007BBFA0 /* Build configuration list for PBXNativeTarget "Navigation" */;
			buildPhases = (
				A6E9F2BE2836DE56007BBFA0 /* Sources */,
				A6E9F2BF2836DE56007BBFA0 /* Frameworks */,
				A6E9F2C02836DE56007BBFA0 /* Resources */,
			);
			buildRules = (
			);
			dependencies = (
			);
			name = Navigation;
			productName = Navigation;
			productReference = A6E9F2C22836DE56007BBFA0 /* Navigation.app */;
			productType = "com.apple.product-type.application";
		};
/* End PBXNativeTarget section */

/* Begin PBXProject section */
		A6E9F2BA2836DE56007BBFA0 /* Project object */ = {
			isa = PBXProject;
			attributes = {
				BuildIndependentTargetsInParallel = 1;
				LastSwiftUpdateCheck = 1330;
				LastUpgradeCheck = 1330;
				TargetAttributes = {
					A6E9F2C12836DE56007BBFA0 = {
						CreatedOnToolsVersion = 13.3.1;
					};
				};
			};
			buildConfigurationList = A6E9F2BD2836DE56007BBFA0 /* Build configuration list for PBXProject "Navigation" */;
			compatibilityVersion = "Xcode 13.0";
			developmentRegion = en;
			hasScannedForEncodings = 0;
			knownRegions = (
				en,
				Base,
			);
			mainGroup = A6E9F2B92836DE56007BBFA0;
			productRefGroup = A6E9F2C32836DE56007BBFA0 /* Products */;
			projectDirPath = "";
			projectRoot = "";
			targets = (
				A6E9F2C12836DE56007BBFA0 /* Navigation */,
			);
		};
/* End PBXProject section */

/* Begin PBXResourcesBuildPhase section */
		A6E9F2C02836DE56007BBFA0 /* Resources */ = {
			isa = PBXResourcesBuildPhase;
			buildActionMask = 2147483647;
			files = (
				A6E9F2D22836DE58007BBFA0 /* LaunchScreen.storyboard in Resources */,
				A6E9F2CF2836DE58007BBFA0 /* Assets.xcassets in Resources */,
			);
			runOnlyForDeploymentPostprocessing = 0;
		};
/* End PBXResourcesBuildPhase section */

/* Begin PBXSourcesBuildPhase section */
		A6E9F2BE2836DE56007BBFA0 /* Sources */ = {
			isa = PBXSourcesBuildPhase;
			buildActionMask = 2147483647;
			files = (
				A63979D92877016700A93E9A /* LogInView.swift in Sources */,
				A64AC777286E2990002A318D /* ProfileHeaderView.swift in Sources */,
				A6E9F2DE2836E122007BBFA0 /* PostViewController.swift in Sources */,
				A63979D72877013200A93E9A /* LogInViewController.swift in Sources */,
				A6E9F2C62836DE56007BBFA0 /* AppDelegate.swift in Sources */,
				A6E9F2E22836E17E007BBFA0 /* Post.swift in Sources */,
				A6E9F2E02836E157007BBFA0 /* InfoViewController.swift in Sources */,
				A6E9F2DC2836E0DE007BBFA0 /* FeedViewController.swift in Sources */,
				A64AC779286E29AA002A318D /* ProfileViewController.swift in Sources */,
				A6E9F2DA2836E0AA007BBFA0 /* MainTabBarController.swift in Sources */,
			);
			runOnlyForDeploymentPostprocessing = 0;
		};
/* End PBXSourcesBuildPhase section */

/* Begin PBXVariantGroup section */
		A6E9F2D02836DE58007BBFA0 /* LaunchScreen.storyboard */ = {
			isa = PBXVariantGroup;
			children = (
				A6E9F2D12836DE58007BBFA0 /* Base */,
			);
			name = LaunchScreen.storyboard;
			sourceTree = "<group>";
		};
/* End PBXVariantGroup section */

/* Begin XCBuildConfiguration section */
		A6E9F2D42836DE58007BBFA0 /* Debug */ = {
			isa = XCBuildConfiguration;
			buildSettings = {
				ALWAYS_SEARCH_USER_PATHS = NO;
				CLANG_ANALYZER_NONNULL = YES;
				CLANG_ANALYZER_NUMBER_OBJECT_CONVERSION = YES_AGGRESSIVE;
				CLANG_CXX_LANGUAGE_STANDARD = "gnu++17";
				CLANG_ENABLE_MODULES = YES;
				CLANG_ENABLE_OBJC_ARC = YES;
				CLANG_ENABLE_OBJC_WEAK = YES;
				CLANG_WARN_BLOCK_CAPTURE_AUTORELEASING = YES;
				CLANG_WARN_BOOL_CONVERSION = YES;
				CLANG_WARN_COMMA = YES;
				CLANG_WARN_CONSTANT_CONVERSION = YES;
				CLANG_WARN_DEPRECATED_OBJC_IMPLEMENTATIONS = YES;
				CLANG_WARN_DIRECT_OBJC_ISA_USAGE = YES_ERROR;
				CLANG_WARN_DOCUMENTATION_COMMENTS = YES;
				CLANG_WARN_EMPTY_BODY = YES;
				CLANG_WARN_ENUM_CONVERSION = YES;
				CLANG_WARN_INFINITE_RECURSION = YES;
				CLANG_WARN_INT_CONVERSION = YES;
				CLANG_WARN_NON_LITERAL_NULL_CONVERSION = YES;
				CLANG_WARN_OBJC_IMPLICIT_RETAIN_SELF = YES;
				CLANG_WARN_OBJC_LITERAL_CONVERSION = YES;
				CLANG_WARN_OBJC_ROOT_CLASS = YES_ERROR;
				CLANG_WARN_QUOTED_INCLUDE_IN_FRAMEWORK_HEADER = YES;
				CLANG_WARN_RANGE_LOOP_ANALYSIS = YES;
				CLANG_WARN_STRICT_PROTOTYPES = YES;
				CLANG_WARN_SUSPICIOUS_MOVE = YES;
				CLANG_WARN_UNGUARDED_AVAILABILITY = YES_AGGRESSIVE;
				CLANG_WARN_UNREACHABLE_CODE = YES;
				CLANG_WARN__DUPLICATE_METHOD_MATCH = YES;
				COPY_PHASE_STRIP = NO;
				DEBUG_INFORMATION_FORMAT = dwarf;
				ENABLE_STRICT_OBJC_MSGSEND = YES;
				ENABLE_TESTABILITY = YES;
				GCC_C_LANGUAGE_STANDARD = gnu11;
				GCC_DYNAMIC_NO_PIC = NO;
				GCC_NO_COMMON_BLOCKS = YES;
				GCC_OPTIMIZATION_LEVEL = 0;
				GCC_PREPROCESSOR_DEFINITIONS = (
					"DEBUG=1",
					"$(inherited)",
				);
				GCC_WARN_64_TO_32_BIT_CONVERSION = YES;
				GCC_WARN_ABOUT_RETURN_TYPE = YES_ERROR;
				GCC_WARN_UNDECLARED_SELECTOR = YES;
				GCC_WARN_UNINITIALIZED_AUTOS = YES_AGGRESSIVE;
				GCC_WARN_UNUSED_FUNCTION = YES;
				GCC_WARN_UNUSED_VARIABLE = YES;
				IPHONEOS_DEPLOYMENT_TARGET = 15.4;
				MTL_ENABLE_DEBUG_INFO = INCLUDE_SOURCE;
				MTL_FAST_MATH = YES;
				ONLY_ACTIVE_ARCH = YES;
				SDKROOT = iphoneos;
				SWIFT_ACTIVE_COMPILATION_CONDITIONS = DEBUG;
				SWIFT_OPTIMIZATION_LEVEL = "-Onone";
			};
			name = Debug;
		};
		A6E9F2D52836DE58007BBFA0 /* Release */ = {
			isa = XCBuildConfiguration;
			buildSettings = {
				ALWAYS_SEARCH_USER_PATHS = NO;
				CLANG_ANALYZER_NONNULL = YES;
				CLANG_ANALYZER_NUMBER_OBJECT_CONVERSION = YES_AGGRESSIVE;
				CLANG_CXX_LANGUAGE_STANDARD = "gnu++17";
				CLANG_ENABLE_MODULES = YES;
				CLANG_ENABLE_OBJC_ARC = YES;
				CLANG_ENABLE_OBJC_WEAK = YES;
				CLANG_WARN_BLOCK_CAPTURE_AUTORELEASING = YES;
				CLANG_WARN_BOOL_CONVERSION = YES;
				CLANG_WARN_COMMA = YES;
				CLANG_WARN_CONSTANT_CONVERSION = YES;
				CLANG_WARN_DEPRECATED_OBJC_IMPLEMENTATIONS = YES;
				CLANG_WARN_DIRECT_OBJC_ISA_USAGE = YES_ERROR;
				CLANG_WARN_DOCUMENTATION_COMMENTS = YES;
				CLANG_WARN_EMPTY_BODY = YES;
				CLANG_WARN_ENUM_CONVERSION = YES;
				CLANG_WARN_INFINITE_RECURSION = YES;
				CLANG_WARN_INT_CONVERSION = YES;
				CLANG_WARN_NON_LITERAL_NULL_CONVERSION = YES;
				CLANG_WARN_OBJC_IMPLICIT_RETAIN_SELF = YES;
				CLANG_WARN_OBJC_LITERAL_CONVERSION = YES;
				CLANG_WARN_OBJC_ROOT_CLASS = YES_ERROR;
				CLANG_WARN_QUOTED_INCLUDE_IN_FRAMEWORK_HEADER = YES;
				CLANG_WARN_RANGE_LOOP_ANALYSIS = YES;
				CLANG_WARN_STRICT_PROTOTYPES = YES;
				CLANG_WARN_SUSPICIOUS_MOVE = YES;
				CLANG_WARN_UNGUARDED_AVAILABILITY = YES_AGGRESSIVE;
				CLANG_WARN_UNREACHABLE_CODE = YES;
				CLANG_WARN__DUPLICATE_METHOD_MATCH = YES;
				COPY_PHASE_STRIP = NO;
				DEBUG_INFORMATION_FORMAT = "dwarf-with-dsym";
				ENABLE_NS_ASSERTIONS = NO;
				ENABLE_STRICT_OBJC_MSGSEND = YES;
				GCC_C_LANGUAGE_STANDARD = gnu11;
				GCC_NO_COMMON_BLOCKS = YES;
				GCC_WARN_64_TO_32_BIT_CONVERSION = YES;
				GCC_WARN_ABOUT_RETURN_TYPE = YES_ERROR;
				GCC_WARN_UNDECLARED_SELECTOR = YES;
				GCC_WARN_UNINITIALIZED_AUTOS = YES_AGGRESSIVE;
				GCC_WARN_UNUSED_FUNCTION = YES;
				GCC_WARN_UNUSED_VARIABLE = YES;
				IPHONEOS_DEPLOYMENT_TARGET = 15.4;
				MTL_ENABLE_DEBUG_INFO = NO;
				MTL_FAST_MATH = YES;
				SDKROOT = iphoneos;
				SWIFT_COMPILATION_MODE = wholemodule;
				SWIFT_OPTIMIZATION_LEVEL = "-O";
				VALIDATE_PRODUCT = YES;
			};
			name = Release;
		};
		A6E9F2D72836DE58007BBFA0 /* Debug */ = {
			isa = XCBuildConfiguration;
			buildSettings = {
				ASSETCATALOG_COMPILER_APPICON_NAME = AppIcon;
				ASSETCATALOG_COMPILER_GLOBAL_ACCENT_COLOR_NAME = AccentColor;
				CODE_SIGN_STYLE = Automatic;
				CURRENT_PROJECT_VERSION = 1;
				DEVELOPMENT_TEAM = 2249AJ7FW9;
				GENERATE_INFOPLIST_FILE = YES;
				INFOPLIST_FILE = Navigation/Info.plist;
				INFOPLIST_KEY_CFBundleDisplayName = Navigation;
				INFOPLIST_KEY_UIApplicationSupportsIndirectInputEvents = YES;
				INFOPLIST_KEY_UILaunchStoryboardName = LaunchScreen;
				INFOPLIST_KEY_UISupportedInterfaceOrientations_iPad = "UIInterfaceOrientationPortrait UIInterfaceOrientationPortraitUpsideDown UIInterfaceOrientationLandscapeLeft UIInterfaceOrientationLandscapeRight";
				INFOPLIST_KEY_UISupportedInterfaceOrientations_iPhone = "UIInterfaceOrientationPortrait UIInterfaceOrientationLandscapeLeft UIInterfaceOrientationLandscapeRight";
				IPHONEOS_DEPLOYMENT_TARGET = 14.0;
				LD_RUNPATH_SEARCH_PATHS = (
					"$(inherited)",
					"@executable_path/Frameworks",
				);
				MARKETING_VERSION = 1.0;
				PRODUCT_BUNDLE_IDENTIFIER = "kirill-ponomarenko.Navigation";
				PRODUCT_NAME = "$(TARGET_NAME)";
				SWIFT_EMIT_LOC_STRINGS = YES;
				SWIFT_VERSION = 5.0;
				TARGETED_DEVICE_FAMILY = "1,2";
			};
			name = Debug;
		};
		A6E9F2D82836DE58007BBFA0 /* Release */ = {
			isa = XCBuildConfiguration;
			buildSettings = {
				ASSETCATALOG_COMPILER_APPICON_NAME = AppIcon;
				ASSETCATALOG_COMPILER_GLOBAL_ACCENT_COLOR_NAME = AccentColor;
				CODE_SIGN_STYLE = Automatic;
				CURRENT_PROJECT_VERSION = 1;
				DEVELOPMENT_TEAM = 2249AJ7FW9;
				GENERATE_INFOPLIST_FILE = YES;
				INFOPLIST_FILE = Navigation/Info.plist;
				INFOPLIST_KEY_CFBundleDisplayName = Navigation;
				INFOPLIST_KEY_UIApplicationSupportsIndirectInputEvents = YES;
				INFOPLIST_KEY_UILaunchStoryboardName = LaunchScreen;
				INFOPLIST_KEY_UISupportedInterfaceOrientations_iPad = "UIInterfaceOrientationPortrait UIInterfaceOrientationPortraitUpsideDown UIInterfaceOrientationLandscapeLeft UIInterfaceOrientationLandscapeRight";
				INFOPLIST_KEY_UISupportedInterfaceOrientations_iPhone = "UIInterfaceOrientationPortrait UIInterfaceOrientationLandscapeLeft UIInterfaceOrientationLandscapeRight";
				IPHONEOS_DEPLOYMENT_TARGET = 14.0;
				LD_RUNPATH_SEARCH_PATHS = (
					"$(inherited)",
					"@executable_path/Frameworks",
				);
				MARKETING_VERSION = 1.0;
				PRODUCT_BUNDLE_IDENTIFIER = "kirill-ponomarenko.Navigation";
				PRODUCT_NAME = "$(TARGET_NAME)";
				SWIFT_EMIT_LOC_STRINGS = YES;
				SWIFT_VERSION = 5.0;
				TARGETED_DEVICE_FAMILY = "1,2";
			};
			name = Release;
		};
/* End XCBuildConfiguration section */

/* Begin XCConfigurationList section */
		A6E9F2BD2836DE56007BBFA0 /* Build configuration list for PBXProject "Navigation" */ = {
			isa = XCConfigurationList;
			buildConfigurations = (
				A6E9F2D42836DE58007BBFA0 /* Debug */,
				A6E9F2D52836DE58007BBFA0 /* Release */,
			);
			defaultConfigurationIsVisible = 0;
			defaultConfigurationName = Release;
		};
		A6E9F2D62836DE58007BBFA0 /* Build configuration list for PBXNativeTarget "Navigation" */ = {
			isa = XCConfigurationList;
			buildConfigurations = (
				A6E9F2D72836DE58007BBFA0 /* Debug */,
				A6E9F2D82836DE58007BBFA0 /* Release */,
			);
			defaultConfigurationIsVisible = 0;
			defaultConfigurationName = Release;
		};
/* End XCConfigurationList section */
	};
	rootObject = A6E9F2BA2836DE56007BBFA0 /* Project object */;
}
